
Microsoft Visual Studio Solution File, Format Version 12.00
# Visual Studio Version 16
VisualStudioVersion = 16.0.33927.289
MinimumVisualStudioVersion = 10.0.40219.1
Project("{FAE04EC0-301F-11D3-BF4B-00C04F79EFBC}") = "factory pattern", "factory pattern\factory pattern.csproj", "{AFE995A5-A968-4601-B89C-BA06BD6CD5D8}"
EndProject
Global
	GlobalSection(SolutionConfigurationPlatforms) = preSolution
		Debug|Any CPU = Debug|Any CPU
		Release|Any CPU = Release|Any CPU
	EndGlobalSection
	GlobalSection(ProjectConfigurationPlatforms) = postSolution
		{AFE995A5-A968-4601-B89C-BA06BD6CD5D8}.Debug|Any CPU.ActiveCfg = Debug|Any CPU
		{AFE995A5-A968-4601-B89C-BA06BD6CD5D8}.Debug|Any CPU.Build.0 = Debug|Any CPU
		{AFE995A5-A968-4601-B89C-BA06BD6CD5D8}.Release|Any CPU.ActiveCfg = Release|Any CPU
		{AFE995A5-A968-4601-B89C-BA06BD6CD5D8}.Release|Any CPU.Build.0 = Release|Any CPU
	EndGlobalSection
	GlobalSection(SolutionProperties) = preSolution
		HideSolutionNode = FALSE
	EndGlobalSection
	GlobalSection(ExtensibilityGlobals) = postSolution
		SolutionGuid = {AC7BD147-EE96-4FCB-AF4A-CB28DF84CEE7}
	EndGlobalSection
EndGlobal
