
Microsoft Visual Studio Solution File, Format Version 12.00
# Visual Studio Version 16
VisualStudioVersion = 16.0.34114.132
MinimumVisualStudioVersion = 10.0.40219.1
Project("{FAE04EC0-301F-11D3-BF4B-00C04F79EFBC}") = "codebased2", "codebased2\codebased2.csproj", "{ECC1ABD6-5F98-4E6C-9E21-40720084B369}"
EndProject
Global
	GlobalSection(SolutionConfigurationPlatforms) = preSolution
		Debug|Any CPU = Debug|Any CPU
		Release|Any CPU = Release|Any CPU
	EndGlobalSection
	GlobalSection(ProjectConfigurationPlatforms) = postSolution
		{ECC1ABD6-5F98-4E6C-9E21-40720084B369}.Debug|Any CPU.ActiveCfg = Debug|Any CPU
		{ECC1ABD6-5F98-4E6C-9E21-40720084B369}.Debug|Any CPU.Build.0 = Debug|Any CPU
		{ECC1ABD6-5F98-4E6C-9E21-40720084B369}.Release|Any CPU.ActiveCfg = Release|Any CPU
		{ECC1ABD6-5F98-4E6C-9E21-40720084B369}.Release|Any CPU.Build.0 = Release|Any CPU
	EndGlobalSection
	GlobalSection(SolutionProperties) = preSolution
		HideSolutionNode = FALSE
	EndGlobalSection
	GlobalSection(ExtensibilityGlobals) = postSolution
		SolutionGuid = {86D4E6F3-F8B9-4BC4-96B6-AF5209524C3E}
	EndGlobalSection
EndGlobal
